
Microsoft Visual Studio Solution File, Format Version 12.00
# Visual Studio Version 17
VisualStudioVersion = 17.0.31903.59
MinimumVisualStudioVersion = 10.0.40219.1
Project("{FAE04EC0-301F-11D3-BF4B-00C04F79EFBC}") = "StudentNameRazorPages", "StudentNameRazorPages\StudentNameRazorPages.csproj", "{6225107A-0460-45B6-BDDA-34BCDFFCA823}"
EndProject
Project("{FAE04EC0-301F-11D3-BF4B-00C04F79EFBC}") = "FUNewsManagement.Models", "FUNewsManagement.Models\FUNewsManagement.Models.csproj", "{7C2A7ED3-16E3-4642-BFFF-D19D566DB4F1}"
EndProject
Project("{FAE04EC0-301F-11D3-BF4B-00C04F79EFBC}") = "FUNewsManagement.Repositories", "FUNewsManagement.Repositories\FUNewsManagement.Repositories.csproj", "{5ED91C23-AEC3-4323-9D2A-8830F761A3E0}"
EndProject
Project("{FAE04EC0-301F-11D3-BF4B-00C04F79EFBC}") = "FUNewsManagement.Services", "FUNewsManagement.Services\FUNewsManagement.Services.csproj", "{480EF937-7D27-4982-97E1-1A90871161E6}"
EndProject
Global
	GlobalSection(SolutionConfigurationPlatforms) = preSolution
		Debug|Any CPU = Debug|Any CPU
		Release|Any CPU = Release|Any CPU
	EndGlobalSection
	GlobalSection(SolutionProperties) = preSolution
		HideSolutionNode = FALSE
	EndGlobalSection
	GlobalSection(ProjectConfigurationPlatforms) = postSolution
		{6225107A-0460-45B6-BDDA-34BCDFFCA823}.Debug|Any CPU.ActiveCfg = Debug|Any CPU
		{6225107A-0460-45B6-BDDA-34BCDFFCA823}.Debug|Any CPU.Build.0 = Debug|Any CPU
		{6225107A-0460-45B6-BDDA-34BCDFFCA823}.Release|Any CPU.ActiveCfg = Release|Any CPU
		{6225107A-0460-45B6-BDDA-34BCDFFCA823}.Release|Any CPU.Build.0 = Release|Any CPU
		{7C2A7ED3-16E3-4642-BFFF-D19D566DB4F1}.Debug|Any CPU.ActiveCfg = Debug|Any CPU
		{7C2A7ED3-16E3-4642-BFFF-D19D566DB4F1}.Debug|Any CPU.Build.0 = Debug|Any CPU
		{7C2A7ED3-16E3-4642-BFFF-D19D566DB4F1}.Release|Any CPU.ActiveCfg = Release|Any CPU
		{7C2A7ED3-16E3-4642-BFFF-D19D566DB4F1}.Release|Any CPU.Build.0 = Release|Any CPU
		{5ED91C23-AEC3-4323-9D2A-8830F761A3E0}.Debug|Any CPU.ActiveCfg = Debug|Any CPU
		{5ED91C23-AEC3-4323-9D2A-8830F761A3E0}.Debug|Any CPU.Build.0 = Debug|Any CPU
		{5ED91C23-AEC3-4323-9D2A-8830F761A3E0}.Release|Any CPU.ActiveCfg = Release|Any CPU
		{5ED91C23-AEC3-4323-9D2A-8830F761A3E0}.Release|Any CPU.Build.0 = Release|Any CPU
		{480EF937-7D27-4982-97E1-1A90871161E6}.Debug|Any CPU.ActiveCfg = Debug|Any CPU
		{480EF937-7D27-4982-97E1-1A90871161E6}.Debug|Any CPU.Build.0 = Debug|Any CPU
		{480EF937-7D27-4982-97E1-1A90871161E6}.Release|Any CPU.ActiveCfg = Release|Any CPU
		{480EF937-7D27-4982-97E1-1A90871161E6}.Release|Any CPU.Build.0 = Release|Any CPU
	EndGlobalSection
EndGlobal
